
Microsoft Visual Studio Solution File, Format Version 12.00
# Visual Studio 15
VisualStudioVersion = 15.0.26124.0
MinimumVisualStudioVersion = 15.0.26124.0
Project("{FAE04EC0-301F-11D3-BF4B-00C04F79EFBC}") = "PagamentoContexto.Domain", "PagamentoContexto.Domain\PagamentoContexto.Domain.csproj", "{04F84440-0F46-41B7-A853-84BF1AA6A5DB}"
EndProject
Project("{FAE04EC0-301F-11D3-BF4B-00C04F79EFBC}") = "PagamentoContexto.Shared", "PagamentoContexto.Shared\PagamentoContexto.Shared.csproj", "{A03D056D-743C-4863-8FB1-CE21A16E87BF}"
EndProject
Project("{FAE04EC0-301F-11D3-BF4B-00C04F79EFBC}") = "PagamentoContexto.Tests", "PagamentoContexto.Tests\PagamentoContexto.Tests.csproj", "{5CF6648F-ECB9-4FE5-B3D7-7ED54F5A3E48}"
EndProject
Global
	GlobalSection(SolutionConfigurationPlatforms) = preSolution
		Debug|Any CPU = Debug|Any CPU
		Debug|x64 = Debug|x64
		Debug|x86 = Debug|x86
		Release|Any CPU = Release|Any CPU
		Release|x64 = Release|x64
		Release|x86 = Release|x86
	EndGlobalSection
	GlobalSection(SolutionProperties) = preSolution
		HideSolutionNode = FALSE
	EndGlobalSection
	GlobalSection(ProjectConfigurationPlatforms) = postSolution
		{04F84440-0F46-41B7-A853-84BF1AA6A5DB}.Debug|Any CPU.ActiveCfg = Debug|Any CPU
		{04F84440-0F46-41B7-A853-84BF1AA6A5DB}.Debug|Any CPU.Build.0 = Debug|Any CPU
		{04F84440-0F46-41B7-A853-84BF1AA6A5DB}.Debug|x64.ActiveCfg = Debug|Any CPU
		{04F84440-0F46-41B7-A853-84BF1AA6A5DB}.Debug|x64.Build.0 = Debug|Any CPU
		{04F84440-0F46-41B7-A853-84BF1AA6A5DB}.Debug|x86.ActiveCfg = Debug|Any CPU
		{04F84440-0F46-41B7-A853-84BF1AA6A5DB}.Debug|x86.Build.0 = Debug|Any CPU
		{04F84440-0F46-41B7-A853-84BF1AA6A5DB}.Release|Any CPU.ActiveCfg = Release|Any CPU
		{04F84440-0F46-41B7-A853-84BF1AA6A5DB}.Release|Any CPU.Build.0 = Release|Any CPU
		{04F84440-0F46-41B7-A853-84BF1AA6A5DB}.Release|x64.ActiveCfg = Release|Any CPU
		{04F84440-0F46-41B7-A853-84BF1AA6A5DB}.Release|x64.Build.0 = Release|Any CPU
		{04F84440-0F46-41B7-A853-84BF1AA6A5DB}.Release|x86.ActiveCfg = Release|Any CPU
		{04F84440-0F46-41B7-A853-84BF1AA6A5DB}.Release|x86.Build.0 = Release|Any CPU
		{A03D056D-743C-4863-8FB1-CE21A16E87BF}.Debug|Any CPU.ActiveCfg = Debug|Any CPU
		{A03D056D-743C-4863-8FB1-CE21A16E87BF}.Debug|Any CPU.Build.0 = Debug|Any CPU
		{A03D056D-743C-4863-8FB1-CE21A16E87BF}.Debug|x64.ActiveCfg = Debug|Any CPU
		{A03D056D-743C-4863-8FB1-CE21A16E87BF}.Debug|x64.Build.0 = Debug|Any CPU
		{A03D056D-743C-4863-8FB1-CE21A16E87BF}.Debug|x86.ActiveCfg = Debug|Any CPU
		{A03D056D-743C-4863-8FB1-CE21A16E87BF}.Debug|x86.Build.0 = Debug|Any CPU
		{A03D056D-743C-4863-8FB1-CE21A16E87BF}.Release|Any CPU.ActiveCfg = Release|Any CPU
		{A03D056D-743C-4863-8FB1-CE21A16E87BF}.Release|Any CPU.Build.0 = Release|Any CPU
		{A03D056D-743C-4863-8FB1-CE21A16E87BF}.Release|x64.ActiveCfg = Release|Any CPU
		{A03D056D-743C-4863-8FB1-CE21A16E87BF}.Release|x64.Build.0 = Release|Any CPU
		{A03D056D-743C-4863-8FB1-CE21A16E87BF}.Release|x86.ActiveCfg = Release|Any CPU
		{A03D056D-743C-4863-8FB1-CE21A16E87BF}.Release|x86.Build.0 = Release|Any CPU
		{5CF6648F-ECB9-4FE5-B3D7-7ED54F5A3E48}.Debug|Any CPU.ActiveCfg = Debug|Any CPU
		{5CF6648F-ECB9-4FE5-B3D7-7ED54F5A3E48}.Debug|Any CPU.Build.0 = Debug|Any CPU
		{5CF6648F-ECB9-4FE5-B3D7-7ED54F5A3E48}.Debug|x64.ActiveCfg = Debug|Any CPU
		{5CF6648F-ECB9-4FE5-B3D7-7ED54F5A3E48}.Debug|x64.Build.0 = Debug|Any CPU
		{5CF6648F-ECB9-4FE5-B3D7-7ED54F5A3E48}.Debug|x86.ActiveCfg = Debug|Any CPU
		{5CF6648F-ECB9-4FE5-B3D7-7ED54F5A3E48}.Debug|x86.Build.0 = Debug|Any CPU
		{5CF6648F-ECB9-4FE5-B3D7-7ED54F5A3E48}.Release|Any CPU.ActiveCfg = Release|Any CPU
		{5CF6648F-ECB9-4FE5-B3D7-7ED54F5A3E48}.Release|Any CPU.Build.0 = Release|Any CPU
		{5CF6648F-ECB9-4FE5-B3D7-7ED54F5A3E48}.Release|x64.ActiveCfg = Release|Any CPU
		{5CF6648F-ECB9-4FE5-B3D7-7ED54F5A3E48}.Release|x64.Build.0 = Release|Any CPU
		{5CF6648F-ECB9-4FE5-B3D7-7ED54F5A3E48}.Release|x86.ActiveCfg = Release|Any CPU
		{5CF6648F-ECB9-4FE5-B3D7-7ED54F5A3E48}.Release|x86.Build.0 = Release|Any CPU
	EndGlobalSection
EndGlobal
